github.com/delicb/cliware v0.1.0 h1:yv8UdJ719wzc07BiHrlzbk99Fc1lwsVT5ffV0XrLvik=
github.com/delicb/cliware v0.1.0/go.mod h1:ahgBjCa+f3O4sa3/rci0fujiF8wVOo+lcxzvbldgGjo=
github.com/delicb/cliware-middlewares v0.1.2 h1:1RUlJby2trA1s4z4zJwj9PniWCJiLFaYeJmwQJ3hF1o=
github.com/delicb/cliware-middlewares v0.1.2/go.mod h1:f7srjg27UOcgrWZAwHCzUpnWGBxiMRXTVMfPxr6gw1w=
